PODS:
  - Alamofire (4.5.1)
  - Hero (0.3.6)
  - HexColors (4.0.0)
  - NVActivityIndicatorView (4.0.0):
    - NVActivityIndicatorView/Presenter (= 4.0.0)
  - NVActivityIndicatorView/Presenter (4.0.0)
  - PPTopMostController (0.0.1)
  - R.swift (4.0.0):
    - R.swift.Library (~> 4.0.0)
  - R.swift.Library (4.0.0)
  - RMessage (2.1.5):
    - HexColors (~> 4.0)
    - PPTopMostController
  - RxBlocking (4.0.0-beta.1):
    - RxSwift (~> 4.0.0-beta.1)
  - RxCocoa (4.0.0-beta.1):
    - RxSwift (~> 4.0.0-beta.1)
  - RxSwift (4.0.0-beta.1)
  - RxTest (4.0.0-beta.1):
    - RxSwift (~> 4.0.0-beta.1)
  - SDWebImage (4.1.0):
    - SDWebImage/Core (= 4.1.0)
  - SDWebImage/Core (4.1.0)
  - SwiftyJSON (3.1.4)

DEPENDENCIES:
  - Alamofire
  - Hero
  - NVActivityIndicatorView
  - R.swift
  - RMessage
  - RxBlocking (from `https://github.com/ReactiveX/RxSwift.git`, branch `rxswift4.0-swift4.0`)
  - RxCocoa (from `https://github.com/ReactiveX/RxSwift.git`, branch `rxswift4.0-swift4.0`)
  - RxSwift (from `https://github.com/ReactiveX/RxSwift.git`, branch `rxswift4.0-swift4.0`)
  - RxTest (from `https://github.com/ReactiveX/RxSwift.git`, branch `rxswift4.0-swift4.0`)
  - SDWebImage
  - SwiftyJSON

EXTERNAL SOURCES:
  RxBlocking:
    :branch: rxswift4.0-swift4.0
    :git: https://github.com/ReactiveX/RxSwift.git
  RxCocoa:
    :branch: rxswift4.0-swift4.0
    :git: https://github.com/ReactiveX/RxSwift.git
  RxSwift:
    :branch: rxswift4.0-swift4.0
    :git: https://github.com/ReactiveX/RxSwift.git
  RxTest:
    :branch: rxswift4.0-swift4.0
    :git: https://github.com/ReactiveX/RxSwift.git

CHECKOUT OPTIONS:
  RxBlocking:
    :commit: aacfcc894bd3bc3ea1b03d483720973ea0e02905
    :git: https://github.com/ReactiveX/RxSwift.git
  RxCocoa:
    :commit: aacfcc894bd3bc3ea1b03d483720973ea0e02905
    :git: https://github.com/ReactiveX/RxSwift.git
  RxSwift:
    :commit: aacfcc894bd3bc3ea1b03d483720973ea0e02905
    :git: https://github.com/ReactiveX/RxSwift.git
  RxTest:
    :commit: aacfcc894bd3bc3ea1b03d483720973ea0e02905
    :git: https://github.com/ReactiveX/RxSwift.git

SPEC CHECKSUMS:
  Alamofire: 2d95912bf4c34f164fdfc335872e8c312acaea4a
  Hero: d3c6f4dd80cdcdbb339be64e57ae3b5c3ab9938c
  HexColors: 5f95843ef89aff6a72e1fd3a8ebabf205cc43379
  NVActivityIndicatorView: 54c9b93b6f25a4f467512680c0c90c09a1095cf2
  PPTopMostController: 4e6f1e5f8c645bdcc74cd837a20f607ff262c048
  R.swift: d6a5ec2f55a8441dc0ed9f1f8b37d7d11ae85c66
  R.swift.Library: c3af34921024333546e23b70e70d0b4e0cffca75
  RMessage: 31d44bd26a8f353f987d2e7194f3e9ffb203cbf2
  RxBlocking: d5f5e62ff9ac07641a8d0214d9a8b00f1750aae5
  RxCocoa: 009b86b0b158d4a7e4a5fc29bbdc0688c44fa3bb
  RxSwift: 9488787dfac649ffc1c4fddf3a3b4d6823d0b392
  RxTest: d6a7b38f5cae134999459771e6ae1c9308b76ee4
  SDWebImage: 0e435c14e402a6730315a0fb79f95e68654d55a4
  SwiftyJSON: c2842d878f95482ffceec5709abc3d05680c0220

PODFILE CHECKSUM: b16e391a07584f599bcde53ad350dc838de87b28

COCOAPODS: 1.3.1
