// !$*UTF8*$!
{
	archiveVersion = 1;
	classes = {
	};
	objectVersion = 48;
	objects = {

/* Begin PBXBuildFile section */
		1B78649FFBF275FFE323362D /* Pods_GitFeedUITests.framework in Frameworks */ = {isa = PBXBuildFile; fileRef = 98C529B87B30839135E786A5 /* Pods_GitFeedUITests.framework */; };
		338442C81F853923009FDA9F /* AppDelegate.swift in Sources */ = {isa = PBXBuildFile; fileRef = 338442C71F853923009FDA9F /* AppDelegate.swift */; };
		338442CD1F853923009FDA9F /* Main.storyboard in Resources */ = {isa = PBXBuildFile; fileRef = 338442CB1F853923009FDA9F /* Main.storyboard */; };
		338442CF1F853923009FDA9F /* Assets.xcassets in Resources */ = {isa = PBXBuildFile; fileRef = 338442CE1F853923009FDA9F /* Assets.xcassets */; };
		338442D21F853923009FDA9F /* LaunchScreen.storyboard in Resources */ = {isa = PBXBuildFile; fileRef = 338442D01F853923009FDA9F /* LaunchScreen.storyboard */; };
		338442DD1F853923009FDA9F /* GitFeedTests.swift in Sources */ = {isa = PBXBuildFile; fileRef = 338442DC1F853923009FDA9F /* GitFeedTests.swift */; };
		338442E81F853923009FDA9F /* GitFeedUITests.swift in Sources */ = {isa = PBXBuildFile; fileRef = 338442E71F853923009FDA9F /* GitFeedUITests.swift */; };
		338442FC1F853974009FDA9F /* ViewController.swift in Sources */ = {isa = PBXBuildFile; fileRef = 338442F71F853974009FDA9F /* ViewController.swift */; };
		338442FE1F85BFEC009FDA9F /* GFNetworkManager.swift in Sources */ = {isa = PBXBuildFile; fileRef = 338442FD1F85BFEC009FDA9F /* GFNetworkManager.swift */; };
		338443001F85C007009FDA9F /* GFNetworkRouter.swift in Sources */ = {isa = PBXBuildFile; fileRef = 338442FF1F85C007009FDA9F /* GFNetworkRouter.swift */; };
		3E6F06AAAD39909D5AC483DF /* Pods_GitFeedTests.framework in Frameworks */ = {isa = PBXBuildFile; fileRef = 867F8AD5B2E8EF43A5D89D93 /* Pods_GitFeedTests.framework */; };
		C4BCCA94083E56A50F1B5D40 /* Pods_GitFeed.framework in Frameworks */ = {isa = PBXBuildFile; fileRef = 7C35EC682ED615897A8A7D9A /* Pods_GitFeed.framework */; };
/* End PBXBuildFile section */

/* Begin PBXContainerItemProxy section */
		338442D91F853923009FDA9F /* PBXContainerItemProxy */ = {
			isa = PBXContainerItemProxy;
			containerPortal = 338442BC1F853923009FDA9F /* Project object */;
			proxyType = 1;
			remoteGlobalIDString = 338442C31F853923009FDA9F;
			remoteInfo = GitFeed;
		};
		338442E41F853923009FDA9F /* PBXContainerItemProxy */ = {
			isa = PBXContainerItemProxy;
			containerPortal = 338442BC1F853923009FDA9F /* Project object */;
			proxyType = 1;
			remoteGlobalIDString = 338442C31F853923009FDA9F;
			remoteInfo = GitFeed;
		};
/* End PBXContainerItemProxy section */

/* Begin PBXFileReference section */
		0A0727E273CCF7C975DF5C32 /* Pods-GitFeed.release.xcconfig */ = {isa = PBXFileReference; includeInIndex = 1; lastKnownFileType = text.xcconfig; name = "Pods-GitFeed.release.xcconfig"; path = "Pods/Target Support Files/Pods-GitFeed/Pods-GitFeed.release.xcconfig"; sourceTree = "<group>"; };
		29DB8864CBF4F54DAD1E6493 /* Pods-GitFeed.debug.xcconfig */ = {isa = PBXFileReference; includeInIndex = 1; lastKnownFileType = text.xcconfig; name = "Pods-GitFeed.debug.xcconfig"; path = "Pods/Target Support Files/Pods-GitFeed/Pods-GitFeed.debug.xcconfig"; sourceTree = "<group>"; };
		338442C41F853923009FDA9F /* GitFeed.app */ = {isa = PBXFileReference; explicitFileType = wrapper.application; includeInIndex = 0; path = GitFeed.app; sourceTree = BUILT_PRODUCTS_DIR; };
		338442C71F853923009FDA9F /* AppDelegate.swift */ = {isa = PBXFileReference; lastKnownFileType = sourcecode.swift; path = AppDelegate.swift; sourceTree = "<group>"; };
		338442CC1F853923009FDA9F /* Base */ = {isa = PBXFileReference; lastKnownFileType = file.storyboard; name = Base; path = Base.lproj/Main.storyboard; sourceTree = "<group>"; };
		338442CE1F853923009FDA9F /* Assets.xcassets */ = {isa = PBXFileReference; lastKnownFileType = folder.assetcatalog; path = Assets.xcassets; sourceTree = "<group>"; };
		338442D11F853923009FDA9F /* Base */ = {isa = PBXFileReference; lastKnownFileType = file.storyboard; name = Base; path = Base.lproj/LaunchScreen.storyboard; sourceTree = "<group>"; };
		338442D31F853923009FDA9F /* Info.plist */ = {isa = PBXFileReference; lastKnownFileType = text.plist.xml; path = Info.plist; sourceTree = "<group>"; };
		338442D81F853923009FDA9F /* GitFeedTests.xctest */ = {isa = PBXFileReference; explicitFileType = wrapper.cfbundle; includeInIndex = 0; path = GitFeedTests.xctest; sourceTree = BUILT_PRODUCTS_DIR; };
		338442DC1F853923009FDA9F /* GitFeedTests.swift */ = {isa = PBXFileReference; lastKnownFileType = sourcecode.swift; path = GitFeedTests.swift; sourceTree = "<group>"; };
		338442DE1F853923009FDA9F /* Info.plist */ = {isa = PBXFileReference; lastKnownFileType = text.plist.xml; path = Info.plist; sourceTree = "<group>"; };
		338442E31F853923009FDA9F /* GitFeedUITests.xctest */ = {isa = PBXFileReference; explicitFileType = wrapper.cfbundle; includeInIndex = 0; path = GitFeedUITests.xctest; sourceTree = BUILT_PRODUCTS_DIR; };
		338442E71F853923009FDA9F /* GitFeedUITests.swift */ = {isa = PBXFileReference; lastKnownFileType = sourcecode.swift; path = GitFeedUITests.swift; sourceTree = "<group>"; };
		338442E91F853923009FDA9F /* Info.plist */ = {isa = PBXFileReference; lastKnownFileType = text.plist.xml; path = Info.plist; sourceTree = "<group>"; };
		338442F71F853974009FDA9F /* ViewController.swift */ = {isa = PBXFileReference; fileEncoding = 4; lastKnownFileType = sourcecode.swift; path = ViewController.swift; sourceTree = "<group>"; };
		338442FD1F85BFEC009FDA9F /* GFNetworkManager.swift */ = {isa = PBXFileReference; lastKnownFileType = sourcecode.swift; path = GFNetworkManager.swift; sourceTree = "<group>"; };
		338442FF1F85C007009FDA9F /* GFNetworkRouter.swift */ = {isa = PBXFileReference; lastKnownFileType = sourcecode.swift; path = GFNetworkRouter.swift; sourceTree = "<group>"; };
		39F69EE6B277B325505EFC03 /* Pods-GitFeedTests.release.xcconfig */ = {isa = PBXFileReference; includeInIndex = 1; lastKnownFileType = text.xcconfig; name = "Pods-GitFeedTests.release.xcconfig"; path = "Pods/Target Support Files/Pods-GitFeedTests/Pods-GitFeedTests.release.xcconfig"; sourceTree = "<group>"; };
		454DACABC3A29E78D8262FCA /* Pods-GitFeedUITests.release.xcconfig */ = {isa = PBXFileReference; includeInIndex = 1; lastKnownFileType = text.xcconfig; name = "Pods-GitFeedUITests.release.xcconfig"; path = "Pods/Target Support Files/Pods-GitFeedUITests/Pods-GitFeedUITests.release.xcconfig"; sourceTree = "<group>"; };
		7C35EC682ED615897A8A7D9A /* Pods_GitFeed.framework */ = {isa = PBXFileReference; explicitFileType = wrapper.framework; includeInIndex = 0; path = Pods_GitFeed.framework; sourceTree = BUILT_PRODUCTS_DIR; };
		867F8AD5B2E8EF43A5D89D93 /* Pods_GitFeedTests.framework */ = {isa = PBXFileReference; explicitFileType = wrapper.framework; includeInIndex = 0; path = Pods_GitFeedTests.framework; sourceTree = BUILT_PRODUCTS_DIR; };
		98C529B87B30839135E786A5 /* Pods_GitFeedUITests.framework */ = {isa = PBXFileReference; explicitFileType = wrapper.framework; includeInIndex = 0; path = Pods_GitFeedUITests.framework; sourceTree = BUILT_PRODUCTS_DIR; };
		B4E50A6673FE8AB5C9AFBEDB /* Pods-GitFeedTests.debug.xcconfig */ = {isa = PBXFileReference; includeInIndex = 1; lastKnownFileType = text.xcconfig; name = "Pods-GitFeedTests.debug.xcconfig"; path = "Pods/Target Support Files/Pods-GitFeedTests/Pods-GitFeedTests.debug.xcconfig"; sourceTree = "<group>"; };
		C6C8695599E5FB1A9666417D /* Pods-GitFeedUITests.debug.xcconfig */ = {isa = PBXFileReference; includeInIndex = 1; lastKnownFileType = text.xcconfig; name = "Pods-GitFeedUITests.debug.xcconfig"; path = "Pods/Target Support Files/Pods-GitFeedUITests/Pods-GitFeedUITests.debug.xcconfig"; sourceTree = "<group>"; };
/* End PBXFileReference section */

/* Begin PBXFrameworksBuildPhase section */
		338442C11F853923009FDA9F /* Frameworks */ = {
			isa = PBXFrameworksBuildPhase;
			buildActionMask = 2147483647;
			files = (
				C4BCCA94083E56A50F1B5D40 /* Pods_GitFeed.framework in Frameworks */,
			);
			runOnlyForDeploymentPostprocessing = 0;
		};
		338442D51F853923009FDA9F /* Frameworks */ = {
			isa = PBXFrameworksBuildPhase;
			buildActionMask = 2147483647;
			files = (
				3E6F06AAAD39909D5AC483DF /* Pods_GitFeedTests.framework in Frameworks */,
			);
			runOnlyForDeploymentPostprocessing = 0;
		};
		338442E01F853923009FDA9F /* Frameworks */ = {
			isa = PBXFrameworksBuildPhase;
			buildActionMask = 2147483647;
			files = (
				1B78649FFBF275FFE323362D /* Pods_GitFeedUITests.framework in Frameworks */,
			);
			runOnlyForDeploymentPostprocessing = 0;
		};
/* End PBXFrameworksBuildPhase section */

/* Begin PBXGroup section */
		217B5B49F94D78B9AF769CD2 /* Frameworks */ = {
			isa = PBXGroup;
			children = (
				7C35EC682ED615897A8A7D9A /* Pods_GitFeed.framework */,
				867F8AD5B2E8EF43A5D89D93 /* Pods_GitFeedTests.framework */,
				98C529B87B30839135E786A5 /* Pods_GitFeedUITests.framework */,
			);
			name = Frameworks;
			sourceTree = "<group>";
		};
		338442BB1F853923009FDA9F = {
			isa = PBXGroup;
			children = (
				338442C61F853923009FDA9F /* GitFeed */,
				338442DB1F853923009FDA9F /* GitFeedTests */,
				338442E61F853923009FDA9F /* GitFeedUITests */,
				338442C51F853923009FDA9F /* Products */,
				ACAD7572FD7461D18D2F7DF7 /* Pods */,
				217B5B49F94D78B9AF769CD2 /* Frameworks */,
			);
			sourceTree = "<group>";
		};
		338442C51F853923009FDA9F /* Products */ = {
			isa = PBXGroup;
			children = (
				338442C41F853923009FDA9F /* GitFeed.app */,
				338442D81F853923009FDA9F /* GitFeedTests.xctest */,
				338442E31F853923009FDA9F /* GitFeedUITests.xctest */,
			);
			name = Products;
			sourceTree = "<group>";
		};
		338442C61F853923009FDA9F /* GitFeed */ = {
			isa = PBXGroup;
			children = (
				338442FA1F853974009FDA9F /* Networking */,
				338442FB1F853974009FDA9F /* Objects */,
				338442F81F853974009FDA9F /* Other Views */,
				338442F91F853974009FDA9F /* Storage */,
				338442F51F853974009FDA9F /* Utilities */,
				338442F61F853974009FDA9F /* View Controllers */,
				338442C71F853923009FDA9F /* AppDelegate.swift */,
				338442CB1F853923009FDA9F /* Main.storyboard */,
				338442CE1F853923009FDA9F /* Assets.xcassets */,
				338442D01F853923009FDA9F /* LaunchScreen.storyboard */,
				338442D31F853923009FDA9F /* Info.plist */,
			);
			path = GitFeed;
			sourceTree = "<group>";
		};
		338442DB1F853923009FDA9F /* GitFeedTests */ = {
			isa = PBXGroup;
			children = (
				338442DC1F853923009FDA9F /* GitFeedTests.swift */,
				338442DE1F853923009FDA9F /* Info.plist */,
			);
			path = GitFeedTests;
			sourceTree = "<group>";
		};
		338442E61F853923009FDA9F /* GitFeedUITests */ = {
			isa = PBXGroup;
			children = (
				338442E71F853923009FDA9F /* GitFeedUITests.swift */,
				338442E91F853923009FDA9F /* Info.plist */,
			);
			path = GitFeedUITests;
			sourceTree = "<group>";
		};
		338442F51F853974009FDA9F /* Utilities */ = {
			isa = PBXGroup;
			children = (
			);
			path = Utilities;
			sourceTree = "<group>";
		};
		338442F61F853974009FDA9F /* View Controllers */ = {
			isa = PBXGroup;
			children = (
				338442F71F853974009FDA9F /* ViewController.swift */,
			);
			path = "View Controllers";
			sourceTree = "<group>";
		};
		338442F81F853974009FDA9F /* Other Views */ = {
			isa = PBXGroup;
			children = (
			);
			path = "Other Views";
			sourceTree = "<group>";
		};
		338442F91F853974009FDA9F /* Storage */ = {
			isa = PBXGroup;
			children = (
			);
			path = Storage;
			sourceTree = "<group>";
		};
		338442FA1F853974009FDA9F /* Networking */ = {
			isa = PBXGroup;
			children = (
				338442FD1F85BFEC009FDA9F /* GFNetworkManager.swift */,
				338442FF1F85C007009FDA9F /* GFNetworkRouter.swift */,
			);
			path = Networking;
			sourceTree = "<group>";
		};
		338442FB1F853974009FDA9F /* Objects */ = {
			isa = PBXGroup;
			children = (
			);
			path = Objects;
			sourceTree = "<group>";
		};
		ACAD7572FD7461D18D2F7DF7 /* Pods */ = {
			isa = PBXGroup;
			children = (
				29DB8864CBF4F54DAD1E6493 /* Pods-GitFeed.debug.xcconfig */,
				0A0727E273CCF7C975DF5C32 /* Pods-GitFeed.release.xcconfig */,
				B4E50A6673FE8AB5C9AFBEDB /* Pods-GitFeedTests.debug.xcconfig */,
				39F69EE6B277B325505EFC03 /* Pods-GitFeedTests.release.xcconfig */,
				C6C8695599E5FB1A9666417D /* Pods-GitFeedUITests.debug.xcconfig */,
				454DACABC3A29E78D8262FCA /* Pods-GitFeedUITests.release.xcconfig */,
			);
			name = Pods;
			sourceTree = "<group>";
		};
/* End PBXGroup section */

/* Begin PBXNativeTarget section */
		338442C31F853923009FDA9F /* GitFeed */ = {
			isa = PBXNativeTarget;
			buildConfigurationList = 338442EC1F853923009FDA9F /* Build configuration list for PBXNativeTarget "GitFeed" */;
			buildPhases = (
				2391E89221EF888D9476E1A0 /* [CP] Check Pods Manifest.lock */,
				338442C01F853923009FDA9F /* Sources */,
				338442C11F853923009FDA9F /* Frameworks */,
				338442C21F853923009FDA9F /* Resources */,
				B80E46D0FEECE604E40C694D /* [CP] Embed Pods Frameworks */,
				06F93D42E4E7A4FE3CFC4137 /* [CP] Copy Pods Resources */,
			);
			buildRules = (
			);
			dependencies = (
			);
			name = GitFeed;
			productName = GitFeed;
			productReference = 338442C41F853923009FDA9F /* GitFeed.app */;
			productType = "com.apple.product-type.application";
		};
		338442D71F853923009FDA9F /* GitFeedTests */ = {
			isa = PBXNativeTarget;
			buildConfigurationList = 338442EF1F853923009FDA9F /* Build configuration list for PBXNativeTarget "GitFeedTests" */;
			buildPhases = (
				B99BCE5C9FD75CB1A4BF8FF8 /* [CP] Check Pods Manifest.lock */,
				338442D41F853923009FDA9F /* Sources */,
				338442D51F853923009FDA9F /* Frameworks */,
				338442D61F853923009FDA9F /* Resources */,
				A86D9F3757738BD742C06C9B /* [CP] Embed Pods Frameworks */,
				AED96E6F360D0EC17B463AE3 /* [CP] Copy Pods Resources */,
			);
			buildRules = (
			);
			dependencies = (
				338442DA1F853923009FDA9F /* PBXTargetDependency */,
			);
			name = GitFeedTests;
			productName = GitFeedTests;
			productReference = 338442D81F853923009FDA9F /* GitFeedTests.xctest */;
			productType = "com.apple.product-type.bundle.unit-test";
		};
		338442E21F853923009FDA9F /* GitFeedUITests */ = {
			isa = PBXNativeTarget;
			buildConfigurationList = 338442F21F853923009FDA9F /* Build configuration list for PBXNativeTarget "GitFeedUITests" */;
			buildPhases = (
				C49D74E401FA648D92F16CF9 /* [CP] Check Pods Manifest.lock */,
				338442DF1F853923009FDA9F /* Sources */,
				338442E01F853923009FDA9F /* Frameworks */,
				338442E11F853923009FDA9F /* Resources */,
				F2DB6BF68C34BF68A84E078C /* [CP] Embed Pods Frameworks */,
				BCE790F83E3DD657F52D040E /* [CP] Copy Pods Resources */,
			);
			buildRules = (
			);
			dependencies = (
				338442E51F853923009FDA9F /* PBXTargetDependency */,
			);
			name = GitFeedUITests;
			productName = GitFeedUITests;
			productReference = 338442E31F853923009FDA9F /* GitFeedUITests.xctest */;
			productType = "com.apple.product-type.bundle.ui-testing";
		};
/* End PBXNativeTarget section */

/* Begin PBXProject section */
		338442BC1F853923009FDA9F /* Project object */ = {
			isa = PBXProject;
			attributes = {
				LastSwiftUpdateCheck = 0900;
				LastUpgradeCheck = 0900;
				ORGANIZATIONNAME = Casumo;
				TargetAttributes = {
					338442C31F853923009FDA9F = {
						CreatedOnToolsVersion = 9.0;
						ProvisioningStyle = Automatic;
					};
					338442D71F853923009FDA9F = {
						CreatedOnToolsVersion = 9.0;
						ProvisioningStyle = Automatic;
						TestTargetID = 338442C31F853923009FDA9F;
					};
					338442E21F853923009FDA9F = {
						CreatedOnToolsVersion = 9.0;
						ProvisioningStyle = Automatic;
						TestTargetID = 338442C31F853923009FDA9F;
					};
				};
			};
			buildConfigurationList = 338442BF1F853923009FDA9F /* Build configuration list for PBXProject "GitFeed" */;
			compatibilityVersion = "Xcode 8.0";
			developmentRegion = en;
			hasScannedForEncodings = 0;
			knownRegions = (
				en,
				Base,
			);
			mainGroup = 338442BB1F853923009FDA9F;
			productRefGroup = 338442C51F853923009FDA9F /* Products */;
			projectDirPath = "";
			projectRoot = "";
			targets = (
				338442C31F853923009FDA9F /* GitFeed */,
				338442D71F853923009FDA9F /* GitFeedTests */,
				338442E21F853923009FDA9F /* GitFeedUITests */,
			);
		};
/* End PBXProject section */

/* Begin PBXResourcesBuildPhase section */
		338442C21F853923009FDA9F /* Resources */ = {
			isa = PBXResourcesBuildPhase;
			buildActionMask = 2147483647;
			files = (
				338442D21F853923009FDA9F /* LaunchScreen.storyboard in Resources */,
				338442CF1F853923009FDA9F /* Assets.xcassets in Resources */,
				338442CD1F853923009FDA9F /* Main.storyboard in Resources */,
			);
			runOnlyForDeploymentPostprocessing = 0;
		};
		338442D61F853923009FDA9F /* Resources */ = {
			isa = PBXResourcesBuildPhase;
			buildActionMask = 2147483647;
			files = (
			);
			runOnlyForDeploymentPostprocessing = 0;
		};
		338442E11F853923009FDA9F /* Resources */ = {
			isa = PBXResourcesBuildPhase;
			buildActionMask = 2147483647;
			files = (
			);
			runOnlyForDeploymentPostprocessing = 0;
		};
/* End PBXResourcesBuildPhase section */

/* Begin PBXShellScriptBuildPhase section */
		06F93D42E4E7A4FE3CFC4137 /* [CP] Copy Pods Resources */ = {
			isa = PBXShellScriptBuildPhase;
			buildActionMask = 2147483647;
			files = (
			);
			inputPaths = (
			);
			name = "[CP] Copy Pods Resources";
			outputPaths = (
			);
			runOnlyForDeploymentPostprocessing = 0;
			shellPath = /bin/sh;
			shellScript = "\"${SRCROOT}/Pods/Target Support Files/Pods-GitFeed/Pods-GitFeed-resources.sh\"\n";
			showEnvVarsInLog = 0;
		};
		2391E89221EF888D9476E1A0 /* [CP] Check Pods Manifest.lock */ = {
			isa = PBXShellScriptBuildPhase;
			buildActionMask = 2147483647;
			files = (
			);
			inputPaths = (
				"${PODS_PODFILE_DIR_PATH}/Podfile.lock",
				"${PODS_ROOT}/Manifest.lock",
			);
			name = "[CP] Check Pods Manifest.lock";
			outputPaths = (
				"$(DERIVED_FILE_DIR)/Pods-GitFeed-checkManifestLockResult.txt",
			);
			runOnlyForDeploymentPostprocessing = 0;
			shellPath = /bin/sh;
			shellScript = "diff \"${PODS_PODFILE_DIR_PATH}/Podfile.lock\" \"${PODS_ROOT}/Manifest.lock\" > /dev/null\nif [ $? != 0 ] ; then\n    # print error to STDERR\n    echo \"error: The sandbox is not in sync with the Podfile.lock. Run 'pod install' or update your CocoaPods installation.\" >&2\n    exit 1\nfi\n# This output is used by Xcode 'outputs' to avoid re-running this script phase.\necho \"SUCCESS\" > \"${SCRIPT_OUTPUT_FILE_0}\"\n";
			showEnvVarsInLog = 0;
		};
		A86D9F3757738BD742C06C9B /* [CP] Embed Pods Frameworks */ = {
			isa = PBXShellScriptBuildPhase;
			buildActionMask = 2147483647;
			files = (
			);
			inputPaths = (
				"${SRCROOT}/Pods/Target Support Files/Pods-GitFeedTests/Pods-GitFeedTests-frameworks.sh",
				"${BUILT_PRODUCTS_DIR}/RxSwift/RxSwift.framework",
				"${BUILT_PRODUCTS_DIR}/RxBlocking/RxBlocking.framework",
				"${BUILT_PRODUCTS_DIR}/RxTest/RxTest.framework",
			);
			name = "[CP] Embed Pods Frameworks";
			outputPaths = (
				"${TARGET_BUILD_DIR}/${FRAMEWORKS_FOLDER_PATH}/RxSwift.framework",
				"${TARGET_BUILD_DIR}/${FRAMEWORKS_FOLDER_PATH}/RxBlocking.framework",
				"${TARGET_BUILD_DIR}/${FRAMEWORKS_FOLDER_PATH}/RxTest.framework",
			);
			runOnlyForDeploymentPostprocessing = 0;
			shellPath = /bin/sh;
			shellScript = "\"${SRCROOT}/Pods/Target Support Files/Pods-GitFeedTests/Pods-GitFeedTests-frameworks.sh\"\n";
			showEnvVarsInLog = 0;
		};
		AED96E6F360D0EC17B463AE3 /* [CP] Copy Pods Resources */ = {
			isa = PBXShellScriptBuildPhase;
			buildActionMask = 2147483647;
			files = (
			);
			inputPaths = (
			);
			name = "[CP] Copy Pods Resources";
			outputPaths = (
			);
			runOnlyForDeploymentPostprocessing = 0;
			shellPath = /bin/sh;
			shellScript = "\"${SRCROOT}/Pods/Target Support Files/Pods-GitFeedTests/Pods-GitFeedTests-resources.sh\"\n";
			showEnvVarsInLog = 0;
		};
		B80E46D0FEECE604E40C694D /* [CP] Embed Pods Frameworks */ = {
			isa = PBXShellScriptBuildPhase;
			buildActionMask = 2147483647;
			files = (
			);
			inputPaths = (
				"${SRCROOT}/Pods/Target Support Files/Pods-GitFeed/Pods-GitFeed-frameworks.sh",
				"${BUILT_PRODUCTS_DIR}/Alamofire/Alamofire.framework",
				"${BUILT_PRODUCTS_DIR}/Hero/Hero.framework",
				"${BUILT_PRODUCTS_DIR}/HexColors/HexColors.framework",
				"${BUILT_PRODUCTS_DIR}/NVActivityIndicatorView/NVActivityIndicatorView.framework",
				"${BUILT_PRODUCTS_DIR}/PPTopMostController/PPTopMostController.framework",
				"${BUILT_PRODUCTS_DIR}/R.swift.Library/Rswift.framework",
				"${BUILT_PRODUCTS_DIR}/RMessage/RMessage.framework",
				"${BUILT_PRODUCTS_DIR}/RxCocoa/RxCocoa.framework",
				"${BUILT_PRODUCTS_DIR}/RxSwift/RxSwift.framework",
				"${BUILT_PRODUCTS_DIR}/SwiftyJSON/SwiftyJSON.framework",
			);
			name = "[CP] Embed Pods Frameworks";
			outputPaths = (
				"${TARGET_BUILD_DIR}/${FRAMEWORKS_FOLDER_PATH}/Alamofire.framework",
				"${TARGET_BUILD_DIR}/${FRAMEWORKS_FOLDER_PATH}/Hero.framework",
				"${TARGET_BUILD_DIR}/${FRAMEWORKS_FOLDER_PATH}/HexColors.framework",
				"${TARGET_BUILD_DIR}/${FRAMEWORKS_FOLDER_PATH}/NVActivityIndicatorView.framework",
				"${TARGET_BUILD_DIR}/${FRAMEWORKS_FOLDER_PATH}/PPTopMostController.framework",
				"${TARGET_BUILD_DIR}/${FRAMEWORKS_FOLDER_PATH}/Rswift.framework",
				"${TARGET_BUILD_DIR}/${FRAMEWORKS_FOLDER_PATH}/RMessage.framework",
				"${TARGET_BUILD_DIR}/${FRAMEWORKS_FOLDER_PATH}/RxCocoa.framework",
				"${TARGET_BUILD_DIR}/${FRAMEWORKS_FOLDER_PATH}/RxSwift.framework",
				"${TARGET_BUILD_DIR}/${FRAMEWORKS_FOLDER_PATH}/SwiftyJSON.framework",
			);
			runOnlyForDeploymentPostprocessing = 0;
			shellPath = /bin/sh;
			shellScript = "\"${SRCROOT}/Pods/Target Support Files/Pods-GitFeed/Pods-GitFeed-frameworks.sh\"\n";
			showEnvVarsInLog = 0;
		};
		B99BCE5C9FD75CB1A4BF8FF8 /* [CP] Check Pods Manifest.lock */ = {
			isa = PBXShellScriptBuildPhase;
			buildActionMask = 2147483647;
			files = (
			);
			inputPaths = (
				"${PODS_PODFILE_DIR_PATH}/Podfile.lock",
				"${PODS_ROOT}/Manifest.lock",
			);
			name = "[CP] Check Pods Manifest.lock";
			outputPaths = (
				"$(DERIVED_FILE_DIR)/Pods-GitFeedTests-checkManifestLockResult.txt",
			);
			runOnlyForDeploymentPostprocessing = 0;
			shellPath = /bin/sh;
			shellScript = "diff \"${PODS_PODFILE_DIR_PATH}/Podfile.lock\" \"${PODS_ROOT}/Manifest.lock\" > /dev/null\nif [ $? != 0 ] ; then\n    # print error to STDERR\n    echo \"error: The sandbox is not in sync with the Podfile.lock. Run 'pod install' or update your CocoaPods installation.\" >&2\n    exit 1\nfi\n# This output is used by Xcode 'outputs' to avoid re-running this script phase.\necho \"SUCCESS\" > \"${SCRIPT_OUTPUT_FILE_0}\"\n";
			showEnvVarsInLog = 0;
		};
		BCE790F83E3DD657F52D040E /* [CP] Copy Pods Resources */ = {
			isa = PBXShellScriptBuildPhase;
			buildActionMask = 2147483647;
			files = (
			);
			inputPaths = (
			);
			name = "[CP] Copy Pods Resources";
			outputPaths = (
			);
			runOnlyForDeploymentPostprocessing = 0;
			shellPath = /bin/sh;
			shellScript = "\"${SRCROOT}/Pods/Target Support Files/Pods-GitFeedUITests/Pods-GitFeedUITests-resources.sh\"\n";
			showEnvVarsInLog = 0;
		};
		C49D74E401FA648D92F16CF9 /* [CP] Check Pods Manifest.lock */ = {
			isa = PBXShellScriptBuildPhase;
			buildActionMask = 2147483647;
			files = (
			);
			inputPaths = (
				"${PODS_PODFILE_DIR_PATH}/Podfile.lock",
				"${PODS_ROOT}/Manifest.lock",
			);
			name = "[CP] Check Pods Manifest.lock";
			outputPaths = (
				"$(DERIVED_FILE_DIR)/Pods-GitFeedUITests-checkManifestLockResult.txt",
			);
			runOnlyForDeploymentPostprocessing = 0;
			shellPath = /bin/sh;
			shellScript = "diff \"${PODS_PODFILE_DIR_PATH}/Podfile.lock\" \"${PODS_ROOT}/Manifest.lock\" > /dev/null\nif [ $? != 0 ] ; then\n    # print error to STDERR\n    echo \"error: The sandbox is not in sync with the Podfile.lock. Run 'pod install' or update your CocoaPods installation.\" >&2\n    exit 1\nfi\n# This output is used by Xcode 'outputs' to avoid re-running this script phase.\necho \"SUCCESS\" > \"${SCRIPT_OUTPUT_FILE_0}\"\n";
			showEnvVarsInLog = 0;
		};
		F2DB6BF68C34BF68A84E078C /* [CP] Embed Pods Frameworks */ = {
			isa = PBXShellScriptBuildPhase;
			buildActionMask = 2147483647;
			files = (
			);
			inputPaths = (
				"${SRCROOT}/Pods/Target Support Files/Pods-GitFeedUITests/Pods-GitFeedUITests-frameworks.sh",
				"${BUILT_PRODUCTS_DIR}/RxSwift/RxSwift.framework",
				"${BUILT_PRODUCTS_DIR}/RxBlocking/RxBlocking.framework",
				"${BUILT_PRODUCTS_DIR}/RxTest/RxTest.framework",
			);
			name = "[CP] Embed Pods Frameworks";
			outputPaths = (
				"${TARGET_BUILD_DIR}/${FRAMEWORKS_FOLDER_PATH}/RxSwift.framework",
				"${TARGET_BUILD_DIR}/${FRAMEWORKS_FOLDER_PATH}/RxBlocking.framework",
				"${TARGET_BUILD_DIR}/${FRAMEWORKS_FOLDER_PATH}/RxTest.framework",
			);
			runOnlyForDeploymentPostprocessing = 0;
			shellPath = /bin/sh;
			shellScript = "\"${SRCROOT}/Pods/Target Support Files/Pods-GitFeedUITests/Pods-GitFeedUITests-frameworks.sh\"\n";
			showEnvVarsInLog = 0;
		};
/* End PBXShellScriptBuildPhase section */

/* Begin PBXSourcesBuildPhase section */
		338442C01F853923009FDA9F /* Sources */ = {
			isa = PBXSourcesBuildPhase;
			buildActionMask = 2147483647;
			files = (
				338443001F85C007009FDA9F /* GFNetworkRouter.swift in Sources */,
				338442FC1F853974009FDA9F /* ViewController.swift in Sources */,
				338442C81F853923009FDA9F /* AppDelegate.swift in Sources */,
				338442FE1F85BFEC009FDA9F /* GFNetworkManager.swift in Sources */,
			);
			runOnlyForDeploymentPostprocessing = 0;
		};
		338442D41F853923009FDA9F /* Sources */ = {
			isa = PBXSourcesBuildPhase;
			buildActionMask = 2147483647;
			files = (
				338442DD1F853923009FDA9F /* GitFeedTests.swift in Sources */,
			);
			runOnlyForDeploymentPostprocessing = 0;
		};
		338442DF1F853923009FDA9F /* Sources */ = {
			isa = PBXSourcesBuildPhase;
			buildActionMask = 2147483647;
			files = (
				338442E81F853923009FDA9F /* GitFeedUITests.swift in Sources */,
			);
			runOnlyForDeploymentPostprocessing = 0;
		};
/* End PBXSourcesBuildPhase section */

/* Begin PBXTargetDependency section */
		338442DA1F853923009FDA9F /* PBXTargetDependency */ = {
			isa = PBXTargetDependency;
			target = 338442C31F853923009FDA9F /* GitFeed */;
			targetProxy = 338442D91F853923009FDA9F /* PBXContainerItemProxy */;
		};
		338442E51F853923009FDA9F /* PBXTargetDependency */ = {
			isa = PBXTargetDependency;
			target = 338442C31F853923009FDA9F /* GitFeed */;
			targetProxy = 338442E41F853923009FDA9F /* PBXContainerItemProxy */;
		};
/* End PBXTargetDependency section */

/* Begin PBXVariantGroup section */
		338442CB1F853923009FDA9F /* Main.storyboard */ = {
			isa = PBXVariantGroup;
			children = (
				338442CC1F853923009FDA9F /* Base */,
			);
			name = Main.storyboard;
			sourceTree = "<group>";
		};
		338442D01F853923009FDA9F /* LaunchScreen.storyboard */ = {
			isa = PBXVariantGroup;
			children = (
				338442D11F853923009FDA9F /* Base */,
			);
			name = LaunchScreen.storyboard;
			sourceTree = "<group>";
		};
/* End PBXVariantGroup section */

/* Begin XCBuildConfiguration section */
		338442EA1F853923009FDA9F /* Debug */ = {
			isa = XCBuildConfiguration;
			buildSettings = {
				ALWAYS_SEARCH_USER_PATHS = NO;
				CLANG_ANALYZER_NONNULL = YES;
				CLANG_ANALYZER_NUMBER_OBJECT_CONVERSION = YES_AGGRESSIVE;
				CLANG_CXX_LANGUAGE_STANDARD = "gnu++14";
				CLANG_CXX_LIBRARY = "libc++";
				CLANG_ENABLE_MODULES = YES;
				CLANG_ENABLE_OBJC_ARC = YES;
				CLANG_WARN_BLOCK_CAPTURE_AUTORELEASING = YES;
				CLANG_WARN_BOOL_CONVERSION = YES;
				CLANG_WARN_COMMA = YES;
				CLANG_WARN_CONSTANT_CONVERSION = YES;
				CLANG_WARN_DIRECT_OBJC_ISA_USAGE = YES_ERROR;
				CLANG_WARN_DOCUMENTATION_COMMENTS = YES;
				CLANG_WARN_EMPTY_BODY = YES;
				CLANG_WARN_ENUM_CONVERSION = YES;
				CLANG_WARN_INFINITE_RECURSION = YES;
				CLANG_WARN_INT_CONVERSION = YES;
				CLANG_WARN_NON_LITERAL_NULL_CONVERSION = YES;
				CLANG_WARN_OBJC_LITERAL_CONVERSION = YES;
				CLANG_WARN_OBJC_ROOT_CLASS = YES_ERROR;
				CLANG_WARN_RANGE_LOOP_ANALYSIS = YES;
				CLANG_WARN_STRICT_PROTOTYPES = YES;
				CLANG_WARN_SUSPICIOUS_MOVE = YES;
				CLANG_WARN_UNGUARDED_AVAILABILITY = YES_AGGRESSIVE;
				CLANG_WARN_UNREACHABLE_CODE = YES;
				CLANG_WARN__DUPLICATE_METHOD_MATCH = YES;
				CODE_SIGN_IDENTITY = "iPhone Developer";
				COPY_PHASE_STRIP = NO;
				DEBUG_INFORMATION_FORMAT = dwarf;
				ENABLE_STRICT_OBJC_MSGSEND = YES;
				ENABLE_TESTABILITY = YES;
				GCC_C_LANGUAGE_STANDARD = gnu11;
				GCC_DYNAMIC_NO_PIC = NO;
				GCC_NO_COMMON_BLOCKS = YES;
				GCC_OPTIMIZATION_LEVEL = 0;
				GCC_PREPROCESSOR_DEFINITIONS = (
					"DEBUG=1",
					"$(inherited)",
				);
				GCC_WARN_64_TO_32_BIT_CONVERSION = YES;
				GCC_WARN_ABOUT_RETURN_TYPE = YES_ERROR;
				GCC_WARN_UNDECLARED_SELECTOR = YES;
				GCC_WARN_UNINITIALIZED_AUTOS = YES_AGGRESSIVE;
				GCC_WARN_UNUSED_FUNCTION = YES;
				GCC_WARN_UNUSED_VARIABLE = YES;
				IPHONEOS_DEPLOYMENT_TARGET = 11.0;
				MTL_ENABLE_DEBUG_INFO = YES;
				ONLY_ACTIVE_ARCH = YES;
				SDKROOT = iphoneos;
				SWIFT_ACTIVE_COMPILATION_CONDITIONS = DEBUG;
				SWIFT_OPTIMIZATION_LEVEL = "-Onone";
			};
			name = Debug;
		};
		338442EB1F853923009FDA9F /* Release */ = {
			isa = XCBuildConfiguration;
			buildSettings = {
				ALWAYS_SEARCH_USER_PATHS = NO;
				CLANG_ANALYZER_NONNULL = YES;
				CLANG_ANALYZER_NUMBER_OBJECT_CONVERSION = YES_AGGRESSIVE;
				CLANG_CXX_LANGUAGE_STANDARD = "gnu++14";
				CLANG_CXX_LIBRARY = "libc++";
				CLANG_ENABLE_MODULES = YES;
				CLANG_ENABLE_OBJC_ARC = YES;
				CLANG_WARN_BLOCK_CAPTURE_AUTORELEASING = YES;
				CLANG_WARN_BOOL_CONVERSION = YES;
				CLANG_WARN_COMMA = YES;
				CLANG_WARN_CONSTANT_CONVERSION = YES;
				CLANG_WARN_DIRECT_OBJC_ISA_USAGE = YES_ERROR;
				CLANG_WARN_DOCUMENTATION_COMMENTS = YES;
				CLANG_WARN_EMPTY_BODY = YES;
				CLANG_WARN_ENUM_CONVERSION = YES;
				CLANG_WARN_INFINITE_RECURSION = YES;
				CLANG_WARN_INT_CONVERSION = YES;
				CLANG_WARN_NON_LITERAL_NULL_CONVERSION = YES;
				CLANG_WARN_OBJC_LITERAL_CONVERSION = YES;
				CLANG_WARN_OBJC_ROOT_CLASS = YES_ERROR;
				CLANG_WARN_RANGE_LOOP_ANALYSIS = YES;
				CLANG_WARN_STRICT_PROTOTYPES = YES;
				CLANG_WARN_SUSPICIOUS_MOVE = YES;
				CLANG_WARN_UNGUARDED_AVAILABILITY = YES_AGGRESSIVE;
				CLANG_WARN_UNREACHABLE_CODE = YES;
				CLANG_WARN__DUPLICATE_METHOD_MATCH = YES;
				CODE_SIGN_IDENTITY = "iPhone Developer";
				COPY_PHASE_STRIP = NO;
				DEBUG_INFORMATION_FORMAT = "dwarf-with-dsym";
				ENABLE_NS_ASSERTIONS = NO;
				ENABLE_STRICT_OBJC_MSGSEND = YES;
				GCC_C_LANGUAGE_STANDARD = gnu11;
				GCC_NO_COMMON_BLOCKS = YES;
				GCC_WARN_64_TO_32_BIT_CONVERSION = YES;
				GCC_WARN_ABOUT_RETURN_TYPE = YES_ERROR;
				GCC_WARN_UNDECLARED_SELECTOR = YES;
				GCC_WARN_UNINITIALIZED_AUTOS = YES_AGGRESSIVE;
				GCC_WARN_UNUSED_FUNCTION = YES;
				GCC_WARN_UNUSED_VARIABLE = YES;
				IPHONEOS_DEPLOYMENT_TARGET = 11.0;
				MTL_ENABLE_DEBUG_INFO = NO;
				SDKROOT = iphoneos;
				SWIFT_OPTIMIZATION_LEVEL = "-Owholemodule";
				VALIDATE_PRODUCT = YES;
			};
			name = Release;
		};
		338442ED1F853923009FDA9F /* Debug */ = {
			isa = XCBuildConfiguration;
			baseConfigurationReference = 29DB8864CBF4F54DAD1E6493 /* Pods-GitFeed.debug.xcconfig */;
			buildSettings = {
				ASSETCATALOG_COMPILER_APPICON_NAME = AppIcon;
				CODE_SIGN_STYLE = Automatic;
				DEVELOPMENT_TEAM = Z97F83GR8X;
				INFOPLIST_FILE = GitFeed/Info.plist;
				LD_RUNPATH_SEARCH_PATHS = "$(inherited) @executable_path/Frameworks";
				PRODUCT_BUNDLE_IDENTIFIER = com.Casumo.GitFeed;
				PRODUCT_NAME = "$(TARGET_NAME)";
				SWIFT_VERSION = 4.0;
				TARGETED_DEVICE_FAMILY = "1,2";
			};
			name = Debug;
		};
		338442EE1F853923009FDA9F /* Release */ = {
			isa = XCBuildConfiguration;
			baseConfigurationReference = 0A0727E273CCF7C975DF5C32 /* Pods-GitFeed.release.xcconfig */;
			buildSettings = {
				ASSETCATALOG_COMPILER_APPICON_NAME = AppIcon;
				CODE_SIGN_STYLE = Automatic;
				DEVELOPMENT_TEAM = Z97F83GR8X;
				INFOPLIST_FILE = GitFeed/Info.plist;
				LD_RUNPATH_SEARCH_PATHS = "$(inherited) @executable_path/Frameworks";
				PRODUCT_BUNDLE_IDENTIFIER = com.Casumo.GitFeed;
				PRODUCT_NAME = "$(TARGET_NAME)";
				SWIFT_VERSION = 4.0;
				TARGETED_DEVICE_FAMILY = "1,2";
			};
			name = Release;
		};
		338442F01F853923009FDA9F /* Debug */ = {
			isa = XCBuildConfiguration;
			baseConfigurationReference = B4E50A6673FE8AB5C9AFBEDB /* Pods-GitFeedTests.debug.xcconfig */;
			buildSettings = {
				ALWAYS_EMBED_SWIFT_STANDARD_LIBRARIES = YES;
				BUNDLE_LOADER = "$(TEST_HOST)";
				CODE_SIGN_STYLE = Automatic;
				DEVELOPMENT_TEAM = Z97F83GR8X;
				INFOPLIST_FILE = GitFeedTests/Info.plist;
				LD_RUNPATH_SEARCH_PATHS = "$(inherited) @executable_path/Frameworks @loader_path/Frameworks";
				PRODUCT_BUNDLE_IDENTIFIER = com.Casumo.GitFeedTests;
				PRODUCT_NAME = "$(TARGET_NAME)";
				SWIFT_VERSION = 4.0;
				TARGETED_DEVICE_FAMILY = "1,2";
				TEST_HOST = "$(BUILT_PRODUCTS_DIR)/GitFeed.app/GitFeed";
			};
			name = Debug;
		};
		338442F11F853923009FDA9F /* Release */ = {
			isa = XCBuildConfiguration;
			baseConfigurationReference = 39F69EE6B277B325505EFC03 /* Pods-GitFeedTests.release.xcconfig */;
			buildSettings = {
				ALWAYS_EMBED_SWIFT_STANDARD_LIBRARIES = YES;
				BUNDLE_LOADER = "$(TEST_HOST)";
				CODE_SIGN_STYLE = Automatic;
				DEVELOPMENT_TEAM = Z97F83GR8X;
				INFOPLIST_FILE = GitFeedTests/Info.plist;
				LD_RUNPATH_SEARCH_PATHS = "$(inherited) @executable_path/Frameworks @loader_path/Frameworks";
				PRODUCT_BUNDLE_IDENTIFIER = com.Casumo.GitFeedTests;
				PRODUCT_NAME = "$(TARGET_NAME)";
				SWIFT_VERSION = 4.0;
				TARGETED_DEVICE_FAMILY = "1,2";
				TEST_HOST = "$(BUILT_PRODUCTS_DIR)/GitFeed.app/GitFeed";
			};
			name = Release;
		};
		338442F31F853923009FDA9F /* Debug */ = {
			isa = XCBuildConfiguration;
			baseConfigurationReference = C6C8695599E5FB1A9666417D /* Pods-GitFeedUITests.debug.xcconfig */;
			buildSettings = {
				ALWAYS_EMBED_SWIFT_STANDARD_LIBRARIES = YES;
				CODE_SIGN_STYLE = Automatic;
				DEVELOPMENT_TEAM = Z97F83GR8X;
				INFOPLIST_FILE = GitFeedUITests/Info.plist;
				LD_RUNPATH_SEARCH_PATHS = "$(inherited) @executable_path/Frameworks @loader_path/Frameworks";
				PRODUCT_BUNDLE_IDENTIFIER = com.Casumo.GitFeedUITests;
				PRODUCT_NAME = "$(TARGET_NAME)";
				SWIFT_VERSION = 4.0;
				TARGETED_DEVICE_FAMILY = "1,2";
				TEST_TARGET_NAME = GitFeed;
			};
			name = Debug;
		};
		338442F41F853923009FDA9F /* Release */ = {
			isa = XCBuildConfiguration;
			baseConfigurationReference = 454DACABC3A29E78D8262FCA /* Pods-GitFeedUITests.release.xcconfig */;
			buildSettings = {
				ALWAYS_EMBED_SWIFT_STANDARD_LIBRARIES = YES;
				CODE_SIGN_STYLE = Automatic;
				DEVELOPMENT_TEAM = Z97F83GR8X;
				INFOPLIST_FILE = GitFeedUITests/Info.plist;
				LD_RUNPATH_SEARCH_PATHS = "$(inherited) @executable_path/Frameworks @loader_path/Frameworks";
				PRODUCT_BUNDLE_IDENTIFIER = com.Casumo.GitFeedUITests;
				PRODUCT_NAME = "$(TARGET_NAME)";
				SWIFT_VERSION = 4.0;
				TARGETED_DEVICE_FAMILY = "1,2";
				TEST_TARGET_NAME = GitFeed;
			};
			name = Release;
		};
/* End XCBuildConfiguration section */

/* Begin XCConfigurationList section */
		338442BF1F853923009FDA9F /* Build configuration list for PBXProject "GitFeed" */ = {
			isa = XCConfigurationList;
			buildConfigurations = (
				338442EA1F853923009FDA9F /* Debug */,
				338442EB1F853923009FDA9F /* Release */,
			);
			defaultConfigurationIsVisible = 0;
			defaultConfigurationName = Release;
		};
		338442EC1F853923009FDA9F /* Build configuration list for PBXNativeTarget "GitFeed" */ = {
			isa = XCConfigurationList;
			buildConfigurations = (
				338442ED1F853923009FDA9F /* Debug */,
				338442EE1F853923009FDA9F /* Release */,
			);
			defaultConfigurationIsVisible = 0;
			defaultConfigurationName = Release;
		};
		338442EF1F853923009FDA9F /* Build configuration list for PBXNativeTarget "GitFeedTests" */ = {
			isa = XCConfigurationList;
			buildConfigurations = (
				338442F01F853923009FDA9F /* Debug */,
				338442F11F853923009FDA9F /* Release */,
			);
			defaultConfigurationIsVisible = 0;
			defaultConfigurationName = Release;
		};
		338442F21F853923009FDA9F /* Build configuration list for PBXNativeTarget "GitFeedUITests" */ = {
			isa = XCConfigurationList;
			buildConfigurations = (
				338442F31F853923009FDA9F /* Debug */,
				338442F41F853923009FDA9F /* Release */,
			);
			defaultConfigurationIsVisible = 0;
			defaultConfigurationName = Release;
		};
/* End XCConfigurationList section */
	};
	rootObject = 338442BC1F853923009FDA9F /* Project object */;
}
