// !$*UTF8*$!
{
	archiveVersion = 1;
	classes = {
	};
	objectVersion = 48;
	objects = {

/* Begin PBXBuildFile section */
		338442C81F853923009FDA9F /* AppDelegate.swift in Sources */ = {isa = PBXBuildFile; fileRef = 338442C71F853923009FDA9F /* AppDelegate.swift */; };
		338442CA1F853923009FDA9F /* ViewController.swift in Sources */ = {isa = PBXBuildFile; fileRef = 338442C91F853923009FDA9F /* ViewController.swift */; };
		338442CD1F853923009FDA9F /* Main.storyboard in Resources */ = {isa = PBXBuildFile; fileRef = 338442CB1F853923009FDA9F /* Main.storyboard */; };
		338442CF1F853923009FDA9F /* Assets.xcassets in Resources */ = {isa = PBXBuildFile; fileRef = 338442CE1F853923009FDA9F /* Assets.xcassets */; };
		338442D21F853923009FDA9F /* LaunchScreen.storyboard in Resources */ = {isa = PBXBuildFile; fileRef = 338442D01F853923009FDA9F /* LaunchScreen.storyboard */; };
		338442DD1F853923009FDA9F /* GitFeedTests.swift in Sources */ = {isa = PBXBuildFile; fileRef = 338442DC1F853923009FDA9F /* GitFeedTests.swift */; };
		338442E81F853923009FDA9F /* GitFeedUITests.swift in Sources */ = {isa = PBXBuildFile; fileRef = 338442E71F853923009FDA9F /* GitFeedUITests.swift */; };
/* End PBXBuildFile section */

/* Begin PBXContainerItemProxy section */
		338442D91F853923009FDA9F /* PBXContainerItemProxy */ = {
			isa = PBXContainerItemProxy;
			containerPortal = 338442BC1F853923009FDA9F /* Project object */;
			proxyType = 1;
			remoteGlobalIDString = 338442C31F853923009FDA9F;
			remoteInfo = GitFeed;
		};
		338442E41F853923009FDA9F /* PBXContainerItemProxy */ = {
			isa = PBXContainerItemProxy;
			containerPortal = 338442BC1F853923009FDA9F /* Project object */;
			proxyType = 1;
			remoteGlobalIDString = 338442C31F853923009FDA9F;
			remoteInfo = GitFeed;
		};
/* End PBXContainerItemProxy section */

/* Begin PBXFileReference section */
		338442C41F853923009FDA9F /* GitFeed.app */ = {isa = PBXFileReference; explicitFileType = wrapper.application; includeInIndex = 0; path = GitFeed.app; sourceTree = BUILT_PRODUCTS_DIR; };
		338442C71F853923009FDA9F /* AppDelegate.swift */ = {isa = PBXFileReference; lastKnownFileType = sourcecode.swift; path = AppDelegate.swift; sourceTree = "<group>"; };
		338442C91F853923009FDA9F /* ViewController.swift */ = {isa = PBXFileReference; lastKnownFileType = sourcecode.swift; path = ViewController.swift; sourceTree = "<group>"; };
		338442CC1F853923009FDA9F /* Base */ = {isa = PBXFileReference; lastKnownFileType = file.storyboard; name = Base; path = Base.lproj/Main.storyboard; sourceTree = "<group>"; };
		338442CE1F853923009FDA9F /* Assets.xcassets */ = {isa = PBXFileReference; lastKnownFileType = folder.assetcatalog; path = Assets.xcassets; sourceTree = "<group>"; };
		338442D11F853923009FDA9F /* Base */ = {isa = PBXFileReference; lastKnownFileType = file.storyboard; name = Base; path = Base.lproj/LaunchScreen.storyboard; sourceTree = "<group>"; };
		338442D31F853923009FDA9F /* Info.plist */ = {isa = PBXFileReference; lastKnownFileType = text.plist.xml; path = Info.plist; sourceTree = "<group>"; };
		338442D81F853923009FDA9F /* GitFeedTests.xctest */ = {isa = PBXFileReference; explicitFileType = wrapper.cfbundle; includeInIndex = 0; path = GitFeedTests.xctest; sourceTree = BUILT_PRODUCTS_DIR; };
		338442DC1F853923009FDA9F /* GitFeedTests.swift */ = {isa = PBXFileReference; lastKnownFileType = sourcecode.swift; path = GitFeedTests.swift; sourceTree = "<group>"; };
		338442DE1F853923009FDA9F /* Info.plist */ = {isa = PBXFileReference; lastKnownFileType = text.plist.xml; path = Info.plist; sourceTree = "<group>"; };
		338442E31F853923009FDA9F /* GitFeedUITests.xctest */ = {isa = PBXFileReference; explicitFileType = wrapper.cfbundle; includeInIndex = 0; path = GitFeedUITests.xctest; sourceTree = BUILT_PRODUCTS_DIR; };
		338442E71F853923009FDA9F /* GitFeedUITests.swift */ = {isa = PBXFileReference; lastKnownFileType = sourcecode.swift; path = GitFeedUITests.swift; sourceTree = "<group>"; };
		338442E91F853923009FDA9F /* Info.plist */ = {isa = PBXFileReference; lastKnownFileType = text.plist.xml; path = Info.plist; sourceTree = "<group>"; };
/* End PBXFileReference section */

/* Begin PBXFrameworksBuildPhase section */
		338442C11F853923009FDA9F /* Frameworks */ = {
			isa = PBXFrameworksBuildPhase;
			buildActionMask = 2147483647;
			files = (
			);
			runOnlyForDeploymentPostprocessing = 0;
		};
		338442D51F853923009FDA9F /* Frameworks */ = {
			isa = PBXFrameworksBuildPhase;
			buildActionMask = 2147483647;
			files = (
			);
			runOnlyForDeploymentPostprocessing = 0;
		};
		338442E01F853923009FDA9F /* Frameworks */ = {
			isa = PBXFrameworksBuildPhase;
			buildActionMask = 2147483647;
			files = (
			);
			runOnlyForDeploymentPostprocessing = 0;
		};
/* End PBXFrameworksBuildPhase section */

/* Begin PBXGroup section */
		338442BB1F853923009FDA9F = {
			isa = PBXGroup;
			children = (
				338442C61F853923009FDA9F /* GitFeed */,
				338442DB1F853923009FDA9F /* GitFeedTests */,
				338442E61F853923009FDA9F /* GitFeedUITests */,
				338442C51F853923009FDA9F /* Products */,
			);
			sourceTree = "<group>";
		};
		338442C51F853923009FDA9F /* Products */ = {
			isa = PBXGroup;
			children = (
				338442C41F853923009FDA9F /* GitFeed.app */,
				338442D81F853923009FDA9F /* GitFeedTests.xctest */,
				338442E31F853923009FDA9F /* GitFeedUITests.xctest */,
			);
			name = Products;
			sourceTree = "<group>";
		};
		338442C61F853923009FDA9F /* GitFeed */ = {
			isa = PBXGroup;
			children = (
				338442C71F853923009FDA9F /* AppDelegate.swift */,
				338442C91F853923009FDA9F /* ViewController.swift */,
				338442CB1F853923009FDA9F /* Main.storyboard */,
				338442CE1F853923009FDA9F /* Assets.xcassets */,
				338442D01F853923009FDA9F /* LaunchScreen.storyboard */,
				338442D31F853923009FDA9F /* Info.plist */,
			);
			path = GitFeed;
			sourceTree = "<group>";
		};
		338442DB1F853923009FDA9F /* GitFeedTests */ = {
			isa = PBXGroup;
			children = (
				338442DC1F853923009FDA9F /* GitFeedTests.swift */,
				338442DE1F853923009FDA9F /* Info.plist */,
			);
			path = GitFeedTests;
			sourceTree = "<group>";
		};
		338442E61F853923009FDA9F /* GitFeedUITests */ = {
			isa = PBXGroup;
			children = (
				338442E71F853923009FDA9F /* GitFeedUITests.swift */,
				338442E91F853923009FDA9F /* Info.plist */,
			);
			path = GitFeedUITests;
			sourceTree = "<group>";
		};
/* End PBXGroup section */

/* Begin PBXNativeTarget section */
		338442C31F853923009FDA9F /* GitFeed */ = {
			isa = PBXNativeTarget;
			buildConfigurationList = 338442EC1F853923009FDA9F /* Build configuration list for PBXNativeTarget "GitFeed" */;
			buildPhases = (
				338442C01F853923009FDA9F /* Sources */,
				338442C11F853923009FDA9F /* Frameworks */,
				338442C21F853923009FDA9F /* Resources */,
			);
			buildRules = (
			);
			dependencies = (
			);
			name = GitFeed;
			productName = GitFeed;
			productReference = 338442C41F853923009FDA9F /* GitFeed.app */;
			productType = "com.apple.product-type.application";
		};
		338442D71F853923009FDA9F /* GitFeedTests */ = {
			isa = PBXNativeTarget;
			buildConfigurationList = 338442EF1F853923009FDA9F /* Build configuration list for PBXNativeTarget "GitFeedTests" */;
			buildPhases = (
				338442D41F853923009FDA9F /* Sources */,
				338442D51F853923009FDA9F /* Frameworks */,
				338442D61F853923009FDA9F /* Resources */,
			);
			buildRules = (
			);
			dependencies = (
				338442DA1F853923009FDA9F /* PBXTargetDependency */,
			);
			name = GitFeedTests;
			productName = GitFeedTests;
			productReference = 338442D81F853923009FDA9F /* GitFeedTests.xctest */;
			productType = "com.apple.product-type.bundle.unit-test";
		};
		338442E21F853923009FDA9F /* GitFeedUITests */ = {
			isa = PBXNativeTarget;
			buildConfigurationList = 338442F21F853923009FDA9F /* Build configuration list for PBXNativeTarget "GitFeedUITests" */;
			buildPhases = (
				338442DF1F853923009FDA9F /* Sources */,
				338442E01F853923009FDA9F /* Frameworks */,
				338442E11F853923009FDA9F /* Resources */,
			);
			buildRules = (
			);
			dependencies = (
				338442E51F853923009FDA9F /* PBXTargetDependency */,
			);
			name = GitFeedUITests;
			productName = GitFeedUITests;
			productReference = 338442E31F853923009FDA9F /* GitFeedUITests.xctest */;
			productType = "com.apple.product-type.bundle.ui-testing";
		};
/* End PBXNativeTarget section */

/* Begin PBXProject section */
		338442BC1F853923009FDA9F /* Project object */ = {
			isa = PBXProject;
			attributes = {
				LastSwiftUpdateCheck = 0900;
				LastUpgradeCheck = 0900;
				ORGANIZATIONNAME = Casumo;
				TargetAttributes = {
					338442C31F853923009FDA9F = {
						CreatedOnToolsVersion = 9.0;
						ProvisioningStyle = Automatic;
					};
					338442D71F853923009FDA9F = {
						CreatedOnToolsVersion = 9.0;
						ProvisioningStyle = Automatic;
						TestTargetID = 338442C31F853923009FDA9F;
					};
					338442E21F853923009FDA9F = {
						CreatedOnToolsVersion = 9.0;
						ProvisioningStyle = Automatic;
						TestTargetID = 338442C31F853923009FDA9F;
					};
				};
			};
			buildConfigurationList = 338442BF1F853923009FDA9F /* Build configuration list for PBXProject "GitFeed" */;
			compatibilityVersion = "Xcode 8.0";
			developmentRegion = en;
			hasScannedForEncodings = 0;
			knownRegions = (
				en,
				Base,
			);
			mainGroup = 338442BB1F853923009FDA9F;
			productRefGroup = 338442C51F853923009FDA9F /* Products */;
			projectDirPath = "";
			projectRoot = "";
			targets = (
				338442C31F853923009FDA9F /* GitFeed */,
				338442D71F853923009FDA9F /* GitFeedTests */,
				338442E21F853923009FDA9F /* GitFeedUITests */,
			);
		};
/* End PBXProject section */

/* Begin PBXResourcesBuildPhase section */
		338442C21F853923009FDA9F /* Resources */ = {
			isa = PBXResourcesBuildPhase;
			buildActionMask = 2147483647;
			files = (
				338442D21F853923009FDA9F /* LaunchScreen.storyboard in Resources */,
				338442CF1F853923009FDA9F /* Assets.xcassets in Resources */,
				338442CD1F853923009FDA9F /* Main.storyboard in Resources */,
			);
			runOnlyForDeploymentPostprocessing = 0;
		};
		338442D61F853923009FDA9F /* Resources */ = {
			isa = PBXResourcesBuildPhase;
			buildActionMask = 2147483647;
			files = (
			);
			runOnlyForDeploymentPostprocessing = 0;
		};
		338442E11F853923009FDA9F /* Resources */ = {
			isa = PBXResourcesBuildPhase;
			buildActionMask = 2147483647;
			files = (
			);
			runOnlyForDeploymentPostprocessing = 0;
		};
/* End PBXResourcesBuildPhase section */

/* Begin PBXSourcesBuildPhase section */
		338442C01F853923009FDA9F /* Sources */ = {
			isa = PBXSourcesBuildPhase;
			buildActionMask = 2147483647;
			files = (
				338442CA1F853923009FDA9F /* ViewController.swift in Sources */,
				338442C81F853923009FDA9F /* AppDelegate.swift in Sources */,
			);
			runOnlyForDeploymentPostprocessing = 0;
		};
		338442D41F853923009FDA9F /* Sources */ = {
			isa = PBXSourcesBuildPhase;
			buildActionMask = 2147483647;
			files = (
				338442DD1F853923009FDA9F /* GitFeedTests.swift in Sources */,
			);
			runOnlyForDeploymentPostprocessing = 0;
		};
		338442DF1F853923009FDA9F /* Sources */ = {
			isa = PBXSourcesBuildPhase;
			buildActionMask = 2147483647;
			files = (
				338442E81F853923009FDA9F /* GitFeedUITests.swift in Sources */,
			);
			runOnlyForDeploymentPostprocessing = 0;
		};
/* End PBXSourcesBuildPhase section */

/* Begin PBXTargetDependency section */
		338442DA1F853923009FDA9F /* PBXTargetDependency */ = {
			isa = PBXTargetDependency;
			target = 338442C31F853923009FDA9F /* GitFeed */;
			targetProxy = 338442D91F853923009FDA9F /* PBXContainerItemProxy */;
		};
		338442E51F853923009FDA9F /* PBXTargetDependency */ = {
			isa = PBXTargetDependency;
			target = 338442C31F853923009FDA9F /* GitFeed */;
			targetProxy = 338442E41F853923009FDA9F /* PBXContainerItemProxy */;
		};
/* End PBXTargetDependency section */

/* Begin PBXVariantGroup section */
		338442CB1F853923009FDA9F /* Main.storyboard */ = {
			isa = PBXVariantGroup;
			children = (
				338442CC1F853923009FDA9F /* Base */,
			);
			name = Main.storyboard;
			sourceTree = "<group>";
		};
		338442D01F853923009FDA9F /* LaunchScreen.storyboard */ = {
			isa = PBXVariantGroup;
			children = (
				338442D11F853923009FDA9F /* Base */,
			);
			name = LaunchScreen.storyboard;
			sourceTree = "<group>";
		};
/* End PBXVariantGroup section */

/* Begin XCBuildConfiguration section */
		338442EA1F853923009FDA9F /* Debug */ = {
			isa = XCBuildConfiguration;
			buildSettings = {
				ALWAYS_SEARCH_USER_PATHS = NO;
				CLANG_ANALYZER_NONNULL = YES;
				CLANG_ANALYZER_NUMBER_OBJECT_CONVERSION = YES_AGGRESSIVE;
				CLANG_CXX_LANGUAGE_STANDARD = "gnu++14";
				CLANG_CXX_LIBRARY = "libc++";
				CLANG_ENABLE_MODULES = YES;
				CLANG_ENABLE_OBJC_ARC = YES;
				CLANG_WARN_BLOCK_CAPTURE_AUTORELEASING = YES;
				CLANG_WARN_BOOL_CONVERSION = YES;
				CLANG_WARN_COMMA = YES;
				CLANG_WARN_CONSTANT_CONVERSION = YES;
				CLANG_WARN_DIRECT_OBJC_ISA_USAGE = YES_ERROR;
				CLANG_WARN_DOCUMENTATION_COMMENTS = YES;
				CLANG_WARN_EMPTY_BODY = YES;
				CLANG_WARN_ENUM_CONVERSION = YES;
				CLANG_WARN_INFINITE_RECURSION = YES;
				CLANG_WARN_INT_CONVERSION = YES;
				CLANG_WARN_NON_LITERAL_NULL_CONVERSION = YES;
				CLANG_WARN_OBJC_LITERAL_CONVERSION = YES;
				CLANG_WARN_OBJC_ROOT_CLASS = YES_ERROR;
				CLANG_WARN_RANGE_LOOP_ANALYSIS = YES;
				CLANG_WARN_STRICT_PROTOTYPES = YES;
				CLANG_WARN_SUSPICIOUS_MOVE = YES;
				CLANG_WARN_UNGUARDED_AVAILABILITY = YES_AGGRESSIVE;
				CLANG_WARN_UNREACHABLE_CODE = YES;
				CLANG_WARN__DUPLICATE_METHOD_MATCH = YES;
				CODE_SIGN_IDENTITY = "iPhone Developer";
				COPY_PHASE_STRIP = NO;
				DEBUG_INFORMATION_FORMAT = dwarf;
				ENABLE_STRICT_OBJC_MSGSEND = YES;
				ENABLE_TESTABILITY = YES;
				GCC_C_LANGUAGE_STANDARD = gnu11;
				GCC_DYNAMIC_NO_PIC = NO;
				GCC_NO_COMMON_BLOCKS = YES;
				GCC_OPTIMIZATION_LEVEL = 0;
				GCC_PREPROCESSOR_DEFINITIONS = (
					"DEBUG=1",
					"$(inherited)",
				);
				GCC_WARN_64_TO_32_BIT_CONVERSION = YES;
				GCC_WARN_ABOUT_RETURN_TYPE = YES_ERROR;
				GCC_WARN_UNDECLARED_SELECTOR = YES;
				GCC_WARN_UNINITIALIZED_AUTOS = YES_AGGRESSIVE;
				GCC_WARN_UNUSED_FUNCTION = YES;
				GCC_WARN_UNUSED_VARIABLE = YES;
				IPHONEOS_DEPLOYMENT_TARGET = 11.0;
				MTL_ENABLE_DEBUG_INFO = YES;
				ONLY_ACTIVE_ARCH = YES;
				SDKROOT = iphoneos;
				SWIFT_ACTIVE_COMPILATION_CONDITIONS = DEBUG;
				SWIFT_OPTIMIZATION_LEVEL = "-Onone";
			};
			name = Debug;
		};
		338442EB1F853923009FDA9F /* Release */ = {
			isa = XCBuildConfiguration;
			buildSettings = {
				ALWAYS_SEARCH_USER_PATHS = NO;
				CLANG_ANALYZER_NONNULL = YES;
				CLANG_ANALYZER_NUMBER_OBJECT_CONVERSION = YES_AGGRESSIVE;
				CLANG_CXX_LANGUAGE_STANDARD = "gnu++14";
				CLANG_CXX_LIBRARY = "libc++";
				CLANG_ENABLE_MODULES = YES;
				CLANG_ENABLE_OBJC_ARC = YES;
				CLANG_WARN_BLOCK_CAPTURE_AUTORELEASING = YES;
				CLANG_WARN_BOOL_CONVERSION = YES;
				CLANG_WARN_COMMA = YES;
				CLANG_WARN_CONSTANT_CONVERSION = YES;
				CLANG_WARN_DIRECT_OBJC_ISA_USAGE = YES_ERROR;
				CLANG_WARN_DOCUMENTATION_COMMENTS = YES;
				CLANG_WARN_EMPTY_BODY = YES;
				CLANG_WARN_ENUM_CONVERSION = YES;
				CLANG_WARN_INFINITE_RECURSION = YES;
				CLANG_WARN_INT_CONVERSION = YES;
				CLANG_WARN_NON_LITERAL_NULL_CONVERSION = YES;
				CLANG_WARN_OBJC_LITERAL_CONVERSION = YES;
				CLANG_WARN_OBJC_ROOT_CLASS = YES_ERROR;
				CLANG_WARN_RANGE_LOOP_ANALYSIS = YES;
				CLANG_WARN_STRICT_PROTOTYPES = YES;
				CLANG_WARN_SUSPICIOUS_MOVE = YES;
				CLANG_WARN_UNGUARDED_AVAILABILITY = YES_AGGRESSIVE;
				CLANG_WARN_UNREACHABLE_CODE = YES;
				CLANG_WARN__DUPLICATE_METHOD_MATCH = YES;
				CODE_SIGN_IDENTITY = "iPhone Developer";
				COPY_PHASE_STRIP = NO;
				DEBUG_INFORMATION_FORMAT = "dwarf-with-dsym";
				ENABLE_NS_ASSERTIONS = NO;
				ENABLE_STRICT_OBJC_MSGSEND = YES;
				GCC_C_LANGUAGE_STANDARD = gnu11;
				GCC_NO_COMMON_BLOCKS = YES;
				GCC_WARN_64_TO_32_BIT_CONVERSION = YES;
				GCC_WARN_ABOUT_RETURN_TYPE = YES_ERROR;
				GCC_WARN_UNDECLARED_SELECTOR = YES;
				GCC_WARN_UNINITIALIZED_AUTOS = YES_AGGRESSIVE;
				GCC_WARN_UNUSED_FUNCTION = YES;
				GCC_WARN_UNUSED_VARIABLE = YES;
				IPHONEOS_DEPLOYMENT_TARGET = 11.0;
				MTL_ENABLE_DEBUG_INFO = NO;
				SDKROOT = iphoneos;
				SWIFT_OPTIMIZATION_LEVEL = "-Owholemodule";
				VALIDATE_PRODUCT = YES;
			};
			name = Release;
		};
		338442ED1F853923009FDA9F /* Debug */ = {
			isa = XCBuildConfiguration;
			buildSettings = {
				ASSETCATALOG_COMPILER_APPICON_NAME = AppIcon;
				CODE_SIGN_STYLE = Automatic;
				DEVELOPMENT_TEAM = Z97F83GR8X;
				INFOPLIST_FILE = GitFeed/Info.plist;
				LD_RUNPATH_SEARCH_PATHS = "$(inherited) @executable_path/Frameworks";
				PRODUCT_BUNDLE_IDENTIFIER = com.Casumo.GitFeed;
				PRODUCT_NAME = "$(TARGET_NAME)";
				SWIFT_VERSION = 4.0;
				TARGETED_DEVICE_FAMILY = "1,2";
			};
			name = Debug;
		};
		338442EE1F853923009FDA9F /* Release */ = {
			isa = XCBuildConfiguration;
			buildSettings = {
				ASSETCATALOG_COMPILER_APPICON_NAME = AppIcon;
				CODE_SIGN_STYLE = Automatic;
				DEVELOPMENT_TEAM = Z97F83GR8X;
				INFOPLIST_FILE = GitFeed/Info.plist;
				LD_RUNPATH_SEARCH_PATHS = "$(inherited) @executable_path/Frameworks";
				PRODUCT_BUNDLE_IDENTIFIER = com.Casumo.GitFeed;
				PRODUCT_NAME = "$(TARGET_NAME)";
				SWIFT_VERSION = 4.0;
				TARGETED_DEVICE_FAMILY = "1,2";
			};
			name = Release;
		};
		338442F01F853923009FDA9F /* Debug */ = {
			isa = XCBuildConfiguration;
			buildSettings = {
				ALWAYS_EMBED_SWIFT_STANDARD_LIBRARIES = YES;
				BUNDLE_LOADER = "$(TEST_HOST)";
				CODE_SIGN_STYLE = Automatic;
				DEVELOPMENT_TEAM = Z97F83GR8X;
				INFOPLIST_FILE = GitFeedTests/Info.plist;
				LD_RUNPATH_SEARCH_PATHS = "$(inherited) @executable_path/Frameworks @loader_path/Frameworks";
				PRODUCT_BUNDLE_IDENTIFIER = com.Casumo.GitFeedTests;
				PRODUCT_NAME = "$(TARGET_NAME)";
				SWIFT_VERSION = 4.0;
				TARGETED_DEVICE_FAMILY = "1,2";
				TEST_HOST = "$(BUILT_PRODUCTS_DIR)/GitFeed.app/GitFeed";
			};
			name = Debug;
		};
		338442F11F853923009FDA9F /* Release */ = {
			isa = XCBuildConfiguration;
			buildSettings = {
				ALWAYS_EMBED_SWIFT_STANDARD_LIBRARIES = YES;
				BUNDLE_LOADER = "$(TEST_HOST)";
				CODE_SIGN_STYLE = Automatic;
				DEVELOPMENT_TEAM = Z97F83GR8X;
				INFOPLIST_FILE = GitFeedTests/Info.plist;
				LD_RUNPATH_SEARCH_PATHS = "$(inherited) @executable_path/Frameworks @loader_path/Frameworks";
				PRODUCT_BUNDLE_IDENTIFIER = com.Casumo.GitFeedTests;
				PRODUCT_NAME = "$(TARGET_NAME)";
				SWIFT_VERSION = 4.0;
				TARGETED_DEVICE_FAMILY = "1,2";
				TEST_HOST = "$(BUILT_PRODUCTS_DIR)/GitFeed.app/GitFeed";
			};
			name = Release;
		};
		338442F31F853923009FDA9F /* Debug */ = {
			isa = XCBuildConfiguration;
			buildSettings = {
				ALWAYS_EMBED_SWIFT_STANDARD_LIBRARIES = YES;
				CODE_SIGN_STYLE = Automatic;
				DEVELOPMENT_TEAM = Z97F83GR8X;
				INFOPLIST_FILE = GitFeedUITests/Info.plist;
				LD_RUNPATH_SEARCH_PATHS = "$(inherited) @executable_path/Frameworks @loader_path/Frameworks";
				PRODUCT_BUNDLE_IDENTIFIER = com.Casumo.GitFeedUITests;
				PRODUCT_NAME = "$(TARGET_NAME)";
				SWIFT_VERSION = 4.0;
				TARGETED_DEVICE_FAMILY = "1,2";
				TEST_TARGET_NAME = GitFeed;
			};
			name = Debug;
		};
		338442F41F853923009FDA9F /* Release */ = {
			isa = XCBuildConfiguration;
			buildSettings = {
				ALWAYS_EMBED_SWIFT_STANDARD_LIBRARIES = YES;
				CODE_SIGN_STYLE = Automatic;
				DEVELOPMENT_TEAM = Z97F83GR8X;
				INFOPLIST_FILE = GitFeedUITests/Info.plist;
				LD_RUNPATH_SEARCH_PATHS = "$(inherited) @executable_path/Frameworks @loader_path/Frameworks";
				PRODUCT_BUNDLE_IDENTIFIER = com.Casumo.GitFeedUITests;
				PRODUCT_NAME = "$(TARGET_NAME)";
				SWIFT_VERSION = 4.0;
				TARGETED_DEVICE_FAMILY = "1,2";
				TEST_TARGET_NAME = GitFeed;
			};
			name = Release;
		};
/* End XCBuildConfiguration section */

/* Begin XCConfigurationList section */
		338442BF1F853923009FDA9F /* Build configuration list for PBXProject "GitFeed" */ = {
			isa = XCConfigurationList;
			buildConfigurations = (
				338442EA1F853923009FDA9F /* Debug */,
				338442EB1F853923009FDA9F /* Release */,
			);
			defaultConfigurationIsVisible = 0;
			defaultConfigurationName = Release;
		};
		338442EC1F853923009FDA9F /* Build configuration list for PBXNativeTarget "GitFeed" */ = {
			isa = XCConfigurationList;
			buildConfigurations = (
				338442ED1F853923009FDA9F /* Debug */,
				338442EE1F853923009FDA9F /* Release */,
			);
			defaultConfigurationIsVisible = 0;
			defaultConfigurationName = Release;
		};
		338442EF1F853923009FDA9F /* Build configuration list for PBXNativeTarget "GitFeedTests" */ = {
			isa = XCConfigurationList;
			buildConfigurations = (
				338442F01F853923009FDA9F /* Debug */,
				338442F11F853923009FDA9F /* Release */,
			);
			defaultConfigurationIsVisible = 0;
			defaultConfigurationName = Release;
		};
		338442F21F853923009FDA9F /* Build configuration list for PBXNativeTarget "GitFeedUITests" */ = {
			isa = XCConfigurationList;
			buildConfigurations = (
				338442F31F853923009FDA9F /* Debug */,
				338442F41F853923009FDA9F /* Release */,
			);
			defaultConfigurationIsVisible = 0;
			defaultConfigurationName = Release;
		};
/* End XCConfigurationList section */
	};
	rootObject = 338442BC1F853923009FDA9F /* Project object */;
}
